{
  "name": "dspace-angular",
  "version": "0.0.1",
  "lockfileVersion": 1,
  "requires": true,
  "dependencies": {
    "caniuse-lite": {
      "version": "1.0.30000738",
      "resolved": "https://registry.npmjs.org/caniuse-lite/-/caniuse-lite-1.0.30000738.tgz",
      "integrity": "sha1-GCDDya25oRfjEaW9yh0lvDQojro=",
      "dev": true
    }
  }
}
